{
    "_readme": [
        "This file locks the dependencies of your project to a known state",
        "Read more about it at http://getcomposer.org/doc/01-basic-usage.md#composer-lock-the-lock-file",
        "This file is @generated automatically"
    ],
    "hash": "8e137bc3b0c0a11a90a65de15255c894",
    "packages": [
        {
            "name": "dg/adminer-custom",
            "version": "v1.6.0",
            "source": {
                "type": "git",
                "url": "https://github.com/dg/adminer-custom.git",
                "reference": "f1b449b7076d49711fdb41382e5bd858f09855d0"
            },
            "dist": {
                "type": "zip",
                "url": "https://api.github.com/repos/dg/adminer-custom/zipball/f1b449b7076d49711fdb41382e5bd858f09855d0",
                "reference": "f1b449b7076d49711fdb41382e5bd858f09855d0",
                "shasum": ""
            },
            "type": "project",
            "notification-url": "https://packagist.org/downloads/",
            "description": "Customization for the best database management tool written in PHP, Adminer",
            "time": "2015-02-07 20:26:30"
        },
        {
            "name": "latte/latte",
            "version": "dev-master",
            "source": {
                "type": "git",
                "url": "https://github.com/nette/latte.git",
                "reference": "4aa7b506b21dc8622cf23af798ef218dc58a97c5"
            },
            "dist": {
                "type": "zip",
                "url": "https://api.github.com/repos/nette/latte/zipball/4aa7b506b21dc8622cf23af798ef218dc58a97c5",
                "reference": "4aa7b506b21dc8622cf23af798ef218dc58a97c5",
                "shasum": ""
            },
            "require": {
                "ext-tokenizer": "*",
                "php": ">=5.3.1"
            },
            "require-dev": {
                "nette/tester": "~1.3"
            },
            "suggest": {
                "ext-fileinfo": "to use filter |datastream",
                "ext-mbstring": "to use filters like lower, upper, capitalize, ..."
            },
            "type": "library",
            "extra": {
                "branch-alias": {
                    "dev-master": "2.3-dev"
                }
            },
            "autoload": {
                "classmap": [
                    "src/"
                ]
            },
            "notification-url": "https://packagist.org/downloads/",
            "license": [
                "BSD-3-Clause",
                "GPL-2.0",
                "GPL-3.0"
            ],
            "authors": [
                {
                    "name": "David Grudl",
                    "homepage": "http://davidgrudl.com"
                },
                {
                    "name": "Nette Community",
                    "homepage": "http://nette.org/contributors"
                }
            ],
            "description": "Latte: the amazing template engine for PHP",
            "homepage": "http://latte.nette.org",
            "keywords": [
                "templating",
                "twig"
            ],
            "time": "2015-02-26 08:09:42"
        },
        {
            "name": "nette/application",
            "version": "dev-master",
            "source": {
                "type": "git",
                "url": "https://github.com/nette/application.git",
                "reference": "6144b265234b31a48ca795e0efce392cfca1def7"
            },
            "dist": {
                "type": "zip",
                "url": "https://api.github.com/repos/nette/application/zipball/6144b265234b31a48ca795e0efce392cfca1def7",
                "reference": "6144b265234b31a48ca795e0efce392cfca1def7",
                "shasum": ""
            },
            "require": {
                "nette/component-model": "~2.2",
                "nette/di": "~2.3",
                "nette/http": "~2.2",
                "nette/reflection": "~2.2",
                "nette/security": "~2.2",
                "nette/utils": "~2.2",
                "php": ">=5.3.1"
            },
            "conflict": {
                "nette/nette": "<2.2"
            },
            "require-dev": {
                "latte/latte": "~2.3",
                "nette/forms": "~2.2",
                "nette/robot-loader": "~2.2",
                "nette/tester": "~1.3"
            },
            "suggest": {
                "latte/latte": "Allows using Latte in templates",
                "nette/forms": "Allows to use Nette\\Application\\UI\\Form"
            },
            "type": "library",
            "extra": {
                "branch-alias": {
                    "dev-master": "2.3-dev"
                }
            },
            "autoload": {
                "classmap": [
                    "src/"
                ]
            },
            "notification-url": "https://packagist.org/downloads/",
            "license": [
                "BSD-3-Clause",
                "GPL-2.0",
                "GPL-3.0"
            ],
            "authors": [
                {
                    "name": "David Grudl",
                    "homepage": "http://davidgrudl.com"
                },
                {
                    "name": "Nette Community",
                    "homepage": "http://nette.org/contributors"
                }
            ],
            "description": "Nette Application MVC Component",
            "homepage": "http://nette.org",
            "time": "2015-02-25 22:44:23"
        },
        {
            "name": "nette/bootstrap",
            "version": "dev-master",
            "source": {
                "type": "git",
                "url": "https://github.com/nette/bootstrap.git",
                "reference": "5b7c055f38e8d329bc8f4b4504899b5b39be5199"
            },
            "dist": {
                "type": "zip",
                "url": "https://api.github.com/repos/nette/bootstrap/zipball/5b7c055f38e8d329bc8f4b4504899b5b39be5199",
                "reference": "5b7c055f38e8d329bc8f4b4504899b5b39be5199",
                "shasum": ""
            },
            "require": {
                "nette/di": "~2.3",
                "nette/utils": "~2.2",
                "php": ">=5.3.1"
            },
            "conflict": {
                "nette/nette": "<2.2"
            },
            "require-dev": {
                "latte/latte": "~2.2",
                "nette/application": "~2.3",
                "nette/caching": "~2.3",
                "nette/database": "~2.3",
                "nette/forms": "~2.3",
                "nette/http": "~2.3",
                "nette/mail": "~2.3",
                "nette/robot-loader": "~2.2",
                "nette/safe-stream": "~2.2",
                "nette/security": "~2.3",
                "nette/tester": "~1.3",
                "tracy/tracy": "~2.3"
            },
            "suggest": {
                "nette/robot-loader": "to use Configurator::createRobotLoader()",
                "tracy/tracy": "to use Configurator::enableDebugger()"
            },
            "type": "library",
            "extra": {
                "branch-alias": {
                    "dev-master": "2.3-dev"
                }
            },
            "autoload": {
                "classmap": [
                    "src/"
                ]
            },
            "notification-url": "https://packagist.org/downloads/",
            "license": [
                "BSD-3-Clause",
                "GPL-2.0",
                "GPL-3.0"
            ],
            "authors": [
                {
                    "name": "David Grudl",
                    "homepage": "http://davidgrudl.com"
                },
                {
                    "name": "Nette Community",
                    "homepage": "http://nette.org/contributors"
                }
            ],
            "description": "Nette Bootstrap",
            "homepage": "http://nette.org",
            "time": "2015-02-20 19:43:56"
        },
        {
            "name": "nette/caching",
            "version": "dev-master",
            "source": {
                "type": "git",
                "url": "https://github.com/nette/caching.git",
                "reference": "e9508220f5628d9ac075ec3c13ba1e053dbd7944"
            },
            "dist": {
                "type": "zip",
                "url": "https://api.github.com/repos/nette/caching/zipball/e9508220f5628d9ac075ec3c13ba1e053dbd7944",
                "reference": "e9508220f5628d9ac075ec3c13ba1e053dbd7944",
                "shasum": ""
            },
            "require": {
                "nette/finder": "~2.2",
                "nette/utils": "~2.2",
                "php": ">=5.3.1"
            },
            "conflict": {
                "nette/nette": "<2.2"
            },
            "require-dev": {
                "latte/latte": "~2.3",
                "nette/di": "~2.3",
                "nette/tester": "~1.0"
            },
            "type": "library",
            "extra": {
                "branch-alias": {
                    "dev-master": "2.3-dev"
                }
            },
            "autoload": {
                "classmap": [
                    "src/"
                ]
            },
            "notification-url": "https://packagist.org/downloads/",
            "license": [
                "BSD-3-Clause",
                "GPL-2.0",
                "GPL-3.0"
            ],
            "authors": [
                {
                    "name": "David Grudl",
                    "homepage": "http://davidgrudl.com"
                },
                {
                    "name": "Nette Community",
                    "homepage": "http://nette.org/contributors"
                }
            ],
            "description": "Nette Caching Component",
            "homepage": "http://nette.org",
            "time": "2015-02-18 02:23:54"
        },
        {
            "name": "nette/component-model",
            "version": "dev-master",
            "source": {
                "type": "git",
                "url": "https://github.com/nette/component-model.git",
                "reference": "a96c5179631eec6e47881a77607577ef199e74cc"
            },
            "dist": {
                "type": "zip",
                "url": "https://api.github.com/repos/nette/component-model/zipball/a96c5179631eec6e47881a77607577ef199e74cc",
                "reference": "a96c5179631eec6e47881a77607577ef199e74cc",
                "shasum": ""
            },
            "require": {
                "nette/utils": "~2.2",
                "php": ">=5.3.1"
            },
            "conflict": {
                "nette/nette": "<2.2"
            },
            "require-dev": {
                "nette/tester": "~1.3"
            },
            "type": "library",
            "extra": {
                "branch-alias": {
                    "dev-master": "2.3-dev"
                }
            },
            "autoload": {
                "classmap": [
                    "src/"
                ]
            },
            "notification-url": "https://packagist.org/downloads/",
            "license": [
                "BSD-3-Clause",
                "GPL-2.0",
                "GPL-3.0"
            ],
            "authors": [
                {
                    "name": "David Grudl",
                    "homepage": "http://davidgrudl.com"
                },
                {
                    "name": "Nette Community",
                    "homepage": "http://nette.org/contributors"
                }
            ],
            "description": "Nette Component Model",
            "homepage": "http://nette.org",
            "time": "2015-02-05 02:51:09"
        },
        {
            "name": "nette/database",
            "version": "dev-master",
            "source": {
                "type": "git",
                "url": "https://github.com/nette/database.git",
                "reference": "18a2ca9872967f11dd33d7bd236a1a52d6aa8e7d"
            },
            "dist": {
                "type": "zip",
                "url": "https://api.github.com/repos/nette/database/zipball/18a2ca9872967f11dd33d7bd236a1a52d6aa8e7d",
                "reference": "18a2ca9872967f11dd33d7bd236a1a52d6aa8e7d",
                "shasum": ""
            },
            "require": {
                "ext-pdo": "*",
                "nette/caching": "~2.2",
                "nette/utils": "~2.2",
                "php": ">=5.3.1"
            },
            "conflict": {
                "nette/nette": "<2.2"
            },
            "require-dev": {
                "mockery/mockery": "~0.9.1",
                "nette/di": "~2.3",
                "nette/tester": "~1.3"
            },
            "type": "library",
            "extra": {
                "branch-alias": {
                    "dev-master": "2.3-dev"
                }
            },
            "autoload": {
                "classmap": [
                    "src/"
                ]
            },
            "notification-url": "https://packagist.org/downloads/",
            "license": [
                "BSD-3-Clause",
                "GPL-2.0",
                "GPL-3.0"
            ],
            "authors": [
                {
                    "name": "David Grudl",
                    "homepage": "http://davidgrudl.com"
                },
                {
                    "name": "Nette Community",
                    "homepage": "http://nette.org/contributors"
                }
            ],
            "description": "Nette Database Component",
            "homepage": "http://nette.org",
            "time": "2015-02-25 22:34:33"
        },
        {
            "name": "nette/deprecated",
            "version": "dev-master",
            "source": {
                "type": "git",
                "url": "https://github.com/nette/deprecated.git",
                "reference": "ca8329b0b00bd930fdd79c268f1d1361ea978cb6"
            },
            "dist": {
                "type": "zip",
                "url": "https://api.github.com/repos/nette/deprecated/zipball/ca8329b0b00bd930fdd79c268f1d1361ea978cb6",
                "reference": "ca8329b0b00bd930fdd79c268f1d1361ea978cb6",
                "shasum": ""
            },
            "require-dev": {
                "latte/latte": "~2.2",
                "nette/application": "~2.2",
                "nette/bootstrap": "~2.2, >=2.2.1",
                "nette/caching": "~2.2",
                "nette/forms": "~2.2",
                "nette/mail": "~2.2",
                "nette/safe-stream": "~2.2",
                "nette/tester": "~1.1",
                "nette/utils": "~2.2",
                "tracy/tracy": "~2.2"
            },
            "type": "library",
            "autoload": {
                "classmap": [
                    "src/"
                ],
                "files": [
                    "src/loader.php"
                ]
            },
            "notification-url": "https://packagist.org/downloads/",
            "license": [
                "BSD-3-Clause",
                "GPL-2.0",
                "GPL-3.0"
            ],
            "authors": [
                {
                    "name": "David Grudl",
                    "homepage": "http://davidgrudl.com"
                },
                {
                    "name": "Nette Community",
                    "homepage": "http://nette.org/contributors"
                }
            ],
            "description": "APIs and features removed from Nette Framework",
            "homepage": "http://nette.org",
            "time": "2015-01-31 14:17:44"
        },
        {
            "name": "nette/di",
            "version": "dev-master",
            "source": {
                "type": "git",
                "url": "https://github.com/nette/di.git",
                "reference": "e0de3a754ac420c79a775604c699c620975700fc"
            },
            "dist": {
                "type": "zip",
                "url": "https://api.github.com/repos/nette/di/zipball/e0de3a754ac420c79a775604c699c620975700fc",
                "reference": "e0de3a754ac420c79a775604c699c620975700fc",
                "shasum": ""
            },
            "require": {
                "nette/neon": "~2.3",
                "nette/php-generator": "~2.3",
                "nette/utils": "~2.3",
                "php": ">=5.3.1"
            },
            "conflict": {
                "nette/nette": "<2.2"
            },
            "require-dev": {
                "nette/tester": "~1.3"
            },
            "type": "library",
            "extra": {
                "branch-alias": {
                    "dev-master": "2.3-dev"
                }
            },
            "autoload": {
                "classmap": [
                    "src/"
                ]
            },
            "notification-url": "https://packagist.org/downloads/",
            "license": [
                "BSD-3-Clause",
                "GPL-2.0",
                "GPL-3.0"
            ],
            "authors": [
                {
                    "name": "David Grudl",
                    "homepage": "http://davidgrudl.com"
                },
                {
                    "name": "Nette Community",
                    "homepage": "http://nette.org/contributors"
                }
            ],
            "description": "Nette Dependency Injection Component",
            "homepage": "http://nette.org",
            "time": "2015-02-28 09:10:19"
        },
        {
            "name": "nette/finder",
            "version": "dev-master",
            "source": {
                "type": "git",
                "url": "https://github.com/nette/finder.git",
                "reference": "0eba793c90e236714b6f76474590d14d6bfe733a"
            },
            "dist": {
                "type": "zip",
                "url": "https://api.github.com/repos/nette/finder/zipball/0eba793c90e236714b6f76474590d14d6bfe733a",
                "reference": "0eba793c90e236714b6f76474590d14d6bfe733a",
                "shasum": ""
            },
            "require": {
                "nette/utils": "~2.2",
                "php": ">=5.3.1"
            },
            "conflict": {
                "nette/nette": "<2.2"
            },
            "require-dev": {
                "nette/tester": "~1.0"
            },
            "type": "library",
            "extra": {
                "branch-alias": {
                    "dev-master": "2.3-dev"
                }
            },
            "autoload": {
                "classmap": [
                    "src/"
                ]
            },
            "notification-url": "https://packagist.org/downloads/",
            "license": [
                "BSD-3-Clause",
                "GPL-2.0",
                "GPL-3.0"
            ],
            "authors": [
                {
                    "name": "David Grudl",
                    "homepage": "http://davidgrudl.com"
                },
                {
                    "name": "Nette Community",
                    "homepage": "http://nette.org/contributors"
                }
            ],
            "description": "Nette Finder: Files Searching",
            "homepage": "http://nette.org",
            "time": "2015-02-17 20:36:43"
        },
        {
            "name": "nette/forms",
            "version": "dev-master",
            "source": {
                "type": "git",
                "url": "https://github.com/nette/forms.git",
                "reference": "6d16631f0beab8f8d10b8f9f7f37562ca79fa5ba"
            },
            "dist": {
                "type": "zip",
                "url": "https://api.github.com/repos/nette/forms/zipball/6d16631f0beab8f8d10b8f9f7f37562ca79fa5ba",
                "reference": "6d16631f0beab8f8d10b8f9f7f37562ca79fa5ba",
                "shasum": ""
            },
            "require": {
                "nette/component-model": "~2.2",
                "nette/http": "~2.2",
                "nette/utils": "~2.2",
                "php": ">=5.3.1"
            },
            "conflict": {
                "nette/nette": "<2.2"
            },
            "require-dev": {
                "latte/latte": "~2.3",
                "nette/di": "~2.3",
                "nette/tester": "~1.3",
                "tracy/tracy": "~2.2"
            },
            "type": "library",
            "extra": {
                "branch-alias": {
                    "dev-master": "2.3-dev"
                }
            },
            "autoload": {
                "classmap": [
                    "src/"
                ]
            },
            "notification-url": "https://packagist.org/downloads/",
            "license": [
                "BSD-3-Clause",
                "GPL-2.0",
                "GPL-3.0"
            ],
            "authors": [
                {
                    "name": "David Grudl",
                    "homepage": "http://davidgrudl.com"
                },
                {
                    "name": "Nette Community",
                    "homepage": "http://nette.org/contributors"
                }
            ],
            "description": "Nette Forms: greatly facilitates web forms",
            "homepage": "http://nette.org",
            "time": "2015-02-28 10:46:53"
        },
        {
            "name": "nette/http",
            "version": "dev-master",
            "source": {
                "type": "git",
                "url": "https://github.com/nette/http.git",
                "reference": "836821617c4ef167dd699616923532151e7850b8"
            },
            "dist": {
                "type": "zip",
                "url": "https://api.github.com/repos/nette/http/zipball/836821617c4ef167dd699616923532151e7850b8",
                "reference": "836821617c4ef167dd699616923532151e7850b8",
                "shasum": ""
            },
            "require": {
                "nette/utils": "~2.2, >=2.2.2",
                "php": ">=5.3.1"
            },
            "conflict": {
                "nette/nette": "<2.2"
            },
            "require-dev": {
                "nette/di": "~2.3",
                "nette/tester": "~1.0"
            },
            "suggest": {
                "ext-fileinfo": "to detect type of uploaded files"
            },
            "type": "library",
            "extra": {
                "branch-alias": {
                    "dev-master": "2.3-dev"
                }
            },
            "autoload": {
                "classmap": [
                    "src/"
                ]
            },
            "notification-url": "https://packagist.org/downloads/",
            "license": [
                "BSD-3-Clause",
                "GPL-2.0",
                "GPL-3.0"
            ],
            "authors": [
                {
                    "name": "David Grudl",
                    "homepage": "http://davidgrudl.com"
                },
                {
                    "name": "Nette Community",
                    "homepage": "http://nette.org/contributors"
                }
            ],
            "description": "Nette HTTP Component",
            "homepage": "http://nette.org",
            "time": "2015-02-26 08:09:11"
        },
        {
            "name": "nette/mail",
            "version": "dev-master",
            "source": {
                "type": "git",
                "url": "https://github.com/nette/mail.git",
                "reference": "19d7e1cb8f583c6fe49e896e9a341498decb385d"
            },
            "dist": {
                "type": "zip",
                "url": "https://api.github.com/repos/nette/mail/zipball/19d7e1cb8f583c6fe49e896e9a341498decb385d",
                "reference": "19d7e1cb8f583c6fe49e896e9a341498decb385d",
                "shasum": ""
            },
            "require": {
                "ext-iconv": "*",
                "nette/utils": "~2.2",
                "php": ">=5.3.1"
            },
            "conflict": {
                "nette/nette": "<2.2"
            },
            "require-dev": {
                "nette/di": "~2.3",
                "nette/tester": "~1.3"
            },
            "suggest": {
                "ext-fileinfo": "to detect type of attached files"
            },
            "type": "library",
            "extra": {
                "branch-alias": {
                    "dev-master": "2.3-dev"
                }
            },
            "autoload": {
                "classmap": [
                    "src/"
                ]
            },
            "notification-url": "https://packagist.org/downloads/",
            "license": [
                "BSD-3-Clause",
                "GPL-2.0",
                "GPL-3.0"
            ],
            "authors": [
                {
                    "name": "David Grudl",
                    "homepage": "http://davidgrudl.com"
                },
                {
                    "name": "Nette Community",
                    "homepage": "http://nette.org/contributors"
                }
            ],
            "description": "Nette Mail: Sending E-mails",
            "homepage": "http://nette.org",
            "time": "2015-02-24 22:24:13"
        },
        {
            "name": "nette/neon",
            "version": "dev-master",
            "source": {
                "type": "git",
                "url": "https://github.com/nette/neon.git",
                "reference": "c14c3ae106fbf11bef6dfc3ec7668c59bdd7f58e"
            },
            "dist": {
                "type": "zip",
                "url": "https://api.github.com/repos/nette/neon/zipball/c14c3ae106fbf11bef6dfc3ec7668c59bdd7f58e",
                "reference": "c14c3ae106fbf11bef6dfc3ec7668c59bdd7f58e",
                "shasum": ""
            },
            "require": {
                "ext-iconv": "*",
                "php": ">=5.3.1"
            },
            "require-dev": {
                "nette/tester": "~1.0"
            },
            "type": "library",
            "extra": {
                "branch-alias": {
                    "dev-master": "2.3-dev"
                }
            },
            "autoload": {
                "classmap": [
                    "src/"
                ]
            },
            "notification-url": "https://packagist.org/downloads/",
            "license": [
                "BSD-3-Clause",
                "GPL-2.0",
                "GPL-3.0"
            ],
            "authors": [
                {
                    "name": "David Grudl",
                    "homepage": "http://davidgrudl.com"
                },
                {
                    "name": "Nette Community",
                    "homepage": "http://nette.org/contributors"
                }
            ],
            "description": "Nette NEON: parser & generator for Nette Object Notation",
            "homepage": "http://ne-on.org",
            "time": "2015-02-17 21:10:16"
        },
        {
            "name": "nette/nette",
            "version": "dev-master",
            "source": {
                "type": "git",
                "url": "https://github.com/nette/nette.git",
                "reference": "dd83acebd56e43d6335d95483cf1cefc29f92d0f"
            },
            "dist": {
                "type": "zip",
                "url": "https://api.github.com/repos/nette/nette/zipball/dd83acebd56e43d6335d95483cf1cefc29f92d0f",
                "reference": "dd83acebd56e43d6335d95483cf1cefc29f92d0f",
                "shasum": ""
            },
            "require": {
                "latte/latte": "@dev",
                "nette/application": "@dev",
                "nette/bootstrap": "@dev",
                "nette/caching": "@dev",
                "nette/component-model": "@dev",
                "nette/database": "@dev",
                "nette/deprecated": "@dev",
                "nette/di": "@dev",
                "nette/finder": "@dev",
                "nette/forms": "@dev",
                "nette/http": "@dev",
                "nette/mail": "@dev",
                "nette/neon": "@dev",
                "nette/php-generator": "@dev",
                "nette/reflection": "@dev",
                "nette/robot-loader": "@dev",
                "nette/safe-stream": "@dev",
                "nette/security": "@dev",
                "nette/tokenizer": "@dev",
                "nette/utils": "@dev",
                "tracy/tracy": "@dev"
            },
            "require-dev": {
                "nette/tester": "~1.3"
            },
            "type": "library",
            "extra": {
                "branch-alias": {
                    "dev-master": "2.3-dev"
                }
            },
            "autoload": {
                "classmap": [
                    "Nette/"
                ]
            },
            "notification-url": "https://packagist.org/downloads/",
            "license": [
                "BSD-3-Clause",
                "GPL-2.0",
                "GPL-3.0"
            ],
            "authors": [
                {
                    "name": "David Grudl",
                    "homepage": "http://davidgrudl.com"
                },
                {
                    "name": "Nette Community",
                    "homepage": "http://nette.org/contributors"
                }
            ],
            "description": "Nette Framework - innovative framework for fast and easy development of secured web applications in PHP. Write less, have cleaner code and your work will bring you joy.",
            "homepage": "http://nette.org",
            "keywords": [
                "Forms",
                "database",
                "debugging",
                "framework",
                "mailing",
                "mvc",
                "templating"
            ],
            "time": "2015-02-25 16:28:06"
        },
        {
            "name": "nette/php-generator",
            "version": "dev-master",
            "source": {
                "type": "git",
                "url": "https://github.com/nette/php-generator.git",
                "reference": "bb8439b73fab9f403a7fa0d61e4c1913f75200ff"
            },
            "dist": {
                "type": "zip",
                "url": "https://api.github.com/repos/nette/php-generator/zipball/bb8439b73fab9f403a7fa0d61e4c1913f75200ff",
                "reference": "bb8439b73fab9f403a7fa0d61e4c1913f75200ff",
                "shasum": ""
            },
            "require": {
                "nette/utils": "~2.2",
                "php": ">=5.3.1"
            },
            "conflict": {
                "nette/nette": "<2.2"
            },
            "require-dev": {
                "nette/tester": "~1.0"
            },
            "type": "library",
            "extra": {
                "branch-alias": {
                    "dev-master": "2.3-dev"
                }
            },
            "autoload": {
                "classmap": [
                    "src/"
                ]
            },
            "notification-url": "https://packagist.org/downloads/",
            "license": [
                "BSD-3-Clause",
                "GPL-2.0",
                "GPL-3.0"
            ],
            "authors": [
                {
                    "name": "David Grudl",
                    "homepage": "http://davidgrudl.com"
                },
                {
                    "name": "Nette Community",
                    "homepage": "http://nette.org/contributors"
                }
            ],
            "description": "Nette PHP Generator",
            "homepage": "http://nette.org",
            "time": "2015-02-18 17:11:05"
        },
        {
            "name": "nette/reflection",
            "version": "dev-master",
            "source": {
                "type": "git",
                "url": "https://github.com/nette/reflection.git",
                "reference": "08328bbd23323de285966dac7164f9ceb73cd77b"
            },
            "dist": {
                "type": "zip",
                "url": "https://api.github.com/repos/nette/reflection/zipball/08328bbd23323de285966dac7164f9ceb73cd77b",
                "reference": "08328bbd23323de285966dac7164f9ceb73cd77b",
                "shasum": ""
            },
            "require": {
                "ext-tokenizer": "*",
                "nette/caching": "~2.2",
                "nette/utils": "~2.2",
                "php": ">=5.3.1"
            },
            "conflict": {
                "nette/nette": "<2.2"
            },
            "require-dev": {
                "nette/di": "~2.3",
                "nette/tester": "~1.0"
            },
            "type": "library",
            "extra": {
                "branch-alias": {
                    "dev-master": "2.3-dev"
                }
            },
            "autoload": {
                "classmap": [
                    "src/"
                ]
            },
            "notification-url": "https://packagist.org/downloads/",
            "license": [
                "BSD-3-Clause",
                "GPL-2.0",
                "GPL-3.0"
            ],
            "authors": [
                {
                    "name": "David Grudl",
                    "homepage": "http://davidgrudl.com"
                },
                {
                    "name": "Nette Community",
                    "homepage": "http://nette.org/contributors"
                }
            ],
            "description": "Nette PHP Reflection Component",
            "homepage": "http://nette.org",
            "time": "2015-02-16 15:33:50"
        },
        {
            "name": "nette/robot-loader",
            "version": "dev-master",
            "source": {
                "type": "git",
                "url": "https://github.com/nette/robot-loader.git",
                "reference": "0ae50d98dff4adbf1a0d756bf61f7f7c37d36651"
            },
            "dist": {
                "type": "zip",
                "url": "https://api.github.com/repos/nette/robot-loader/zipball/0ae50d98dff4adbf1a0d756bf61f7f7c37d36651",
                "reference": "0ae50d98dff4adbf1a0d756bf61f7f7c37d36651",
                "shasum": ""
            },
            "require": {
                "nette/caching": "~2.2",
                "nette/finder": "~2.3",
                "nette/utils": "~2.2",
                "php": ">=5.3.1"
            },
            "conflict": {
                "nette/nette": "<2.2"
            },
            "require-dev": {
                "nette/tester": "~1.0"
            },
            "type": "library",
            "extra": {
                "branch-alias": {
                    "dev-master": "2.3-dev"
                }
            },
            "autoload": {
                "classmap": [
                    "src/"
                ]
            },
            "notification-url": "https://packagist.org/downloads/",
            "license": [
                "BSD-3-Clause",
                "GPL-2.0",
                "GPL-3.0"
            ],
            "authors": [
                {
                    "name": "David Grudl",
                    "homepage": "http://davidgrudl.com"
                },
                {
                    "name": "Nette Community",
                    "homepage": "http://nette.org/contributors"
                }
            ],
            "description": "Nette RobotLoader: comfortable autoloading",
            "homepage": "http://nette.org",
            "time": "2015-02-05 13:03:37"
        },
        {
            "name": "nette/safe-stream",
            "version": "dev-master",
            "source": {
                "type": "git",
                "url": "https://github.com/nette/safe-stream.git",
                "reference": "2881ad56880e9231a2456a7bf41b174df4ab320a"
            },
            "dist": {
                "type": "zip",
                "url": "https://api.github.com/repos/nette/safe-stream/zipball/2881ad56880e9231a2456a7bf41b174df4ab320a",
                "reference": "2881ad56880e9231a2456a7bf41b174df4ab320a",
                "shasum": ""
            },
            "require": {
                "php": ">=5.3.1"
            },
            "conflict": {
                "nette/nette": "<2.2"
            },
            "require-dev": {
                "nette/tester": "~1.0"
            },
            "type": "library",
            "extra": {
                "branch-alias": {
                    "dev-master": "2.3-dev"
                }
            },
            "autoload": {
                "files": [
                    "src/loader.php"
                ]
            },
            "notification-url": "https://packagist.org/downloads/",
            "license": [
                "BSD-3-Clause",
                "GPL-2.0",
                "GPL-3.0"
            ],
            "authors": [
                {
                    "name": "David Grudl",
                    "homepage": "http://davidgrudl.com"
                },
                {
                    "name": "Nette Community",
                    "homepage": "http://nette.org/contributors"
                }
            ],
            "description": "Nette SafeStream: Atomic Operations",
            "homepage": "http://nette.org",
            "time": "2015-01-27 13:35:41"
        },
        {
            "name": "nette/security",
            "version": "dev-master",
            "source": {
                "type": "git",
                "url": "https://github.com/nette/security.git",
                "reference": "a4ce91375ccc9bbb3f27a384f9f747273011e443"
            },
            "dist": {
                "type": "zip",
                "url": "https://api.github.com/repos/nette/security/zipball/a4ce91375ccc9bbb3f27a384f9f747273011e443",
                "reference": "a4ce91375ccc9bbb3f27a384f9f747273011e443",
                "shasum": ""
            },
            "require": {
                "nette/utils": "~2.2",
                "php": ">=5.3.1"
            },
            "conflict": {
                "nette/nette": "<2.2"
            },
            "require-dev": {
                "nette/di": "~2.3",
                "nette/http": "~2.3",
                "nette/tester": "~1.0"
            },
            "type": "library",
            "extra": {
                "branch-alias": {
                    "dev-master": "2.4-dev"
                }
            },
            "autoload": {
                "classmap": [
                    "src/"
                ]
            },
            "notification-url": "https://packagist.org/downloads/",
            "license": [
                "BSD-3-Clause",
                "GPL-2.0",
                "GPL-3.0"
            ],
            "authors": [
                {
                    "name": "David Grudl",
                    "homepage": "http://davidgrudl.com"
                },
                {
                    "name": "Nette Community",
                    "homepage": "http://nette.org/contributors"
                }
            ],
            "description": "Nette Security: Access Control Component",
            "homepage": "http://nette.org",
            "time": "2015-02-24 20:37:24"
        },
        {
            "name": "nette/tokenizer",
            "version": "dev-master",
            "source": {
                "type": "git",
                "url": "https://github.com/nette/tokenizer.git",
                "reference": "80d520ad59e64273dfe4f4e20f6e18c0dc6848fe"
            },
            "dist": {
                "type": "zip",
                "url": "https://api.github.com/repos/nette/tokenizer/zipball/80d520ad59e64273dfe4f4e20f6e18c0dc6848fe",
                "reference": "80d520ad59e64273dfe4f4e20f6e18c0dc6848fe",
                "shasum": ""
            },
            "require": {
                "php": ">=5.3.1"
            },
            "conflict": {
                "nette/nette": "<2.2"
            },
            "require-dev": {
                "nette/tester": "~1.0"
            },
            "type": "library",
            "extra": {
                "branch-alias": {
                    "dev-master": "2.3-dev"
                }
            },
            "autoload": {
                "classmap": [
                    "src/"
                ]
            },
            "notification-url": "https://packagist.org/downloads/",
            "license": [
                "BSD-3-Clause",
                "GPL-2.0",
                "GPL-3.0"
            ],
            "authors": [
                {
                    "name": "David Grudl",
                    "homepage": "http://davidgrudl.com"
                },
                {
                    "name": "Nette Community",
                    "homepage": "http://nette.org/contributors"
                }
            ],
            "description": "Nette Tokenizer",
            "homepage": "http://nette.org",
            "time": "2015-01-27 13:36:59"
        },
        {
            "name": "nette/utils",
            "version": "dev-master",
            "source": {
                "type": "git",
                "url": "https://github.com/nette/utils.git",
                "reference": "d313999e0fa64c48fe96d44d7d043b6344ee1518"
            },
            "dist": {
                "type": "zip",
                "url": "https://api.github.com/repos/nette/utils/zipball/d313999e0fa64c48fe96d44d7d043b6344ee1518",
                "reference": "d313999e0fa64c48fe96d44d7d043b6344ee1518",
                "shasum": ""
            },
            "require": {
                "php": ">=5.3.1"
            },
            "conflict": {
                "nette/nette": "<2.2"
            },
            "require-dev": {
                "nette/tester": "~1.0"
            },
            "suggest": {
                "ext-gd": "to use Image",
                "ext-iconv": "to use Strings::webalize() and toAscii()",
                "ext-intl": "for script transliteration in Strings::webalize() and toAscii()",
                "ext-mbstring": "to use Strings::lower() etc..."
            },
            "type": "library",
            "extra": {
                "branch-alias": {
                    "dev-master": "2.3-dev"
                }
            },
            "autoload": {
                "classmap": [
                    "src/"
                ]
            },
            "notification-url": "https://packagist.org/downloads/",
            "license": [
                "BSD-3-Clause",
                "GPL-2.0",
                "GPL-3.0"
            ],
            "authors": [
                {
                    "name": "David Grudl",
                    "homepage": "http://davidgrudl.com"
                },
                {
                    "name": "Nette Community",
                    "homepage": "http://nette.org/contributors"
                }
            ],
            "description": "Nette Utility Classes",
            "homepage": "http://nette.org",
            "time": "2015-02-26 08:08:08"
        },
        {
            "name": "tracy/tracy",
            "version": "dev-master",
            "source": {
                "type": "git",
                "url": "https://github.com/nette/tracy.git",
                "reference": "19493609e3306e2a61c1b988cd30aa39bf487fc3"
            },
            "dist": {
                "type": "zip",
                "url": "https://api.github.com/repos/nette/tracy/zipball/19493609e3306e2a61c1b988cd30aa39bf487fc3",
                "reference": "19493609e3306e2a61c1b988cd30aa39bf487fc3",
                "shasum": ""
            },
            "require": {
                "php": ">=5.3.1"
            },
            "require-dev": {
                "nette/di": "~2.3",
                "nette/tester": "~1.3"
            },
            "type": "library",
            "extra": {
                "branch-alias": {
                    "dev-master": "2.3-dev"
                }
            },
            "autoload": {
                "classmap": [
                    "src"
                ],
                "files": [
                    "src/shortcuts.php"
                ]
            },
            "notification-url": "https://packagist.org/downloads/",
            "license": [
                "BSD-3-Clause",
                "GPL-2.0",
                "GPL-3.0"
            ],
            "authors": [
                {
                    "name": "David Grudl",
                    "homepage": "http://davidgrudl.com"
                },
                {
                    "name": "Nette Community",
                    "homepage": "http://nette.org/contributors"
                }
            ],
            "description": "Tracy: useful PHP debugger",
            "homepage": "http://tracy.nette.org",
            "keywords": [
                "debug",
                "debugger",
                "nette"
            ],
            "time": "2015-02-26 08:10:17"
        }
    ],
    "packages-dev": [
        {
            "name": "nette/tester",
            "version": "dev-master",
            "source": {
                "type": "git",
                "url": "https://github.com/nette/tester.git",
                "reference": "f3bf32d831dc462a66d9a115f4345397335e658b"
            },
            "dist": {
                "type": "zip",
                "url": "https://api.github.com/repos/nette/tester/zipball/f3bf32d831dc462a66d9a115f4345397335e658b",
                "reference": "f3bf32d831dc462a66d9a115f4345397335e658b",
                "shasum": ""
            },
            "require": {
                "php": ">=5.3.0"
            },
            "bin": [
                "Tester/tester"
            ],
            "type": "library",
            "extra": {
                "branch-alias": {
                    "dev-master": "1.3-dev"
                }
            },
            "autoload": {
                "classmap": [
                    "Tester/"
                ]
            },
            "notification-url": "https://packagist.org/downloads/",
            "license": [
                "BSD-3-Clause",
                "GPL-2.0",
                "GPL-3.0"
            ],
            "authors": [
                {
                    "name": "David Grudl",
                    "homepage": "http://davidgrudl.com"
                },
                {
                    "name": "Nette Community",
                    "homepage": "http://nette.org/contributors"
                }
            ],
            "description": "An easy-to-use PHP unit testing framework.",
            "homepage": "http://nette.org",
            "keywords": [
                "nette",
                "testing",
                "unit"
            ],
            "time": "2015-02-26 08:07:42"
        }
    ],
    "aliases": [],
    "minimum-stability": "dev",
    "stability-flags": [],
    "prefer-stable": false,
    "prefer-lowest": false,
    "platform": {
        "php": ">= 5.3.7"
    },
    "platform-dev": []
}
